
Microsoft Visual Studio Solution File, Format Version 12.00
# Visual Studio 2012
Project("{FAE04EC0-301F-11D3-BF4B-00C04F79EFBC}") = "VersionOne.Integration.Tfs.Core", "VersionOne.Integration.Tfs.Core\VersionOne.Integration.Tfs.Core.csproj", "{2B2DD204-4E2D-41AF-9FED-BD29AF5DE83C}"
EndProject
Project("{FAE04EC0-301F-11D3-BF4B-00C04F79EFBC}") = "VersionOne.Integration.Tfs.Core.Tests", "VersionOne.Integration.Tfs.Core.Tests\VersionOne.Integration.Tfs.Core.Tests.csproj", "{F6896641-771F-4021-9588-D15AB13E9D84}"
EndProject
Project("{FAE04EC0-301F-11D3-BF4B-00C04F79EFBC}") = "VersionOne.Integration.Tfs.Core.DataLayer.Tests", "VersionOne.Integration.Tfs.Core.DataLayer.Tests\VersionOne.Integration.Tfs.Core.DataLayer.Tests.csproj", "{7B83CD01-AE72-4595-B1BE-D363CEA44D9E}"
EndProject
Global
	GlobalSection(SolutionConfigurationPlatforms) = preSolution
		Debug|Any CPU = Debug|Any CPU
		Release|Any CPU = Release|Any CPU
	EndGlobalSection
	GlobalSection(ProjectConfigurationPlatforms) = postSolution
		{2B2DD204-4E2D-41AF-9FED-BD29AF5DE83C}.Debug|Any CPU.ActiveCfg = Debug|Any CPU
		{2B2DD204-4E2D-41AF-9FED-BD29AF5DE83C}.Debug|Any CPU.Build.0 = Debug|Any CPU
		{2B2DD204-4E2D-41AF-9FED-BD29AF5DE83C}.Release|Any CPU.ActiveCfg = Release|Any CPU
		{2B2DD204-4E2D-41AF-9FED-BD29AF5DE83C}.Release|Any CPU.Build.0 = Release|Any CPU
		{F6896641-771F-4021-9588-D15AB13E9D84}.Debug|Any CPU.ActiveCfg = Debug|Any CPU
		{F6896641-771F-4021-9588-D15AB13E9D84}.Debug|Any CPU.Build.0 = Debug|Any CPU
		{F6896641-771F-4021-9588-D15AB13E9D84}.Release|Any CPU.ActiveCfg = Release|Any CPU
		{F6896641-771F-4021-9588-D15AB13E9D84}.Release|Any CPU.Build.0 = Release|Any CPU
		{7B83CD01-AE72-4595-B1BE-D363CEA44D9E}.Debug|Any CPU.ActiveCfg = Debug|Any CPU
		{7B83CD01-AE72-4595-B1BE-D363CEA44D9E}.Debug|Any CPU.Build.0 = Debug|Any CPU
		{7B83CD01-AE72-4595-B1BE-D363CEA44D9E}.Release|Any CPU.ActiveCfg = Release|Any CPU
		{7B83CD01-AE72-4595-B1BE-D363CEA44D9E}.Release|Any CPU.Build.0 = Release|Any CPU
	EndGlobalSection
	GlobalSection(SolutionProperties) = preSolution
		HideSolutionNode = FALSE
	EndGlobalSection
EndGlobal
